
Microsoft Visual Studio Solution File, Format Version 12.00
# Visual Studio Version 16
VisualStudioVersion = 16.0.30104.148
MinimumVisualStudioVersion = 10.0.40219.1
Project("{9A19103F-16F7-4668-BE54-9A1E7A4F7556}") = "FibiList.Domain", "src\FibiList.Domain\FibiList.Domain.csproj", "{B8A55610-B3A1-44E4-B5A9-E73C9C835802}"
EndProject
Project("{9A19103F-16F7-4668-BE54-9A1E7A4F7556}") = "FibiList.MVC", "src\FibiList.MVC\FibiList.MVC.csproj", "{3E45DB13-4903-4898-9EB8-CD2AB674F4A7}"
EndProject
Project("{9A19103F-16F7-4668-BE54-9A1E7A4F7556}") = "FibiList.Infrastructure", "src\FibiList.Infrastructure\FibiList.Infrastructure.csproj", "{1F353E61-C479-42F0-A729-6FF2C2D2EB58}"
EndProject
Global
	GlobalSection(SolutionConfigurationPlatforms) = preSolution
		Debug|Any CPU = Debug|Any CPU
		Release|Any CPU = Release|Any CPU
	EndGlobalSection
	GlobalSection(ProjectConfigurationPlatforms) = postSolution
		{B8A55610-B3A1-44E4-B5A9-E73C9C835802}.Debug|Any CPU.ActiveCfg = Debug|Any CPU
		{B8A55610-B3A1-44E4-B5A9-E73C9C835802}.Debug|Any CPU.Build.0 = Debug|Any CPU
		{B8A55610-B3A1-44E4-B5A9-E73C9C835802}.Release|Any CPU.ActiveCfg = Release|Any CPU
		{B8A55610-B3A1-44E4-B5A9-E73C9C835802}.Release|Any CPU.Build.0 = Release|Any CPU
		{3E45DB13-4903-4898-9EB8-CD2AB674F4A7}.Debug|Any CPU.ActiveCfg = Debug|Any CPU
		{3E45DB13-4903-4898-9EB8-CD2AB674F4A7}.Debug|Any CPU.Build.0 = Debug|Any CPU
		{3E45DB13-4903-4898-9EB8-CD2AB674F4A7}.Release|Any CPU.ActiveCfg = Release|Any CPU
		{3E45DB13-4903-4898-9EB8-CD2AB674F4A7}.Release|Any CPU.Build.0 = Release|Any CPU
		{1F353E61-C479-42F0-A729-6FF2C2D2EB58}.Debug|Any CPU.ActiveCfg = Debug|Any CPU
		{1F353E61-C479-42F0-A729-6FF2C2D2EB58}.Debug|Any CPU.Build.0 = Debug|Any CPU
		{1F353E61-C479-42F0-A729-6FF2C2D2EB58}.Release|Any CPU.ActiveCfg = Release|Any CPU
		{1F353E61-C479-42F0-A729-6FF2C2D2EB58}.Release|Any CPU.Build.0 = Release|Any CPU
	EndGlobalSection
	GlobalSection(SolutionProperties) = preSolution
		HideSolutionNode = FALSE
	EndGlobalSection
	GlobalSection(ExtensibilityGlobals) = postSolution
		SolutionGuid = {95134F06-09E9-43D7-A2CE-8BD8FC0624ED}
	EndGlobalSection
EndGlobal
